
Microsoft Visual Studio Solution File, Format Version 12.00
# Visual Studio Version 17
VisualStudioVersion = 17.14.37628.2 d17.14
MinimumVisualStudioVersion = 10.0.40219.1
Project("{FAE04EC0-301F-11D3-BF4B-00C04F79EFBC}") = "B3", "B3.csproj", "{2CEB5B41-7575-4571-B315-E9A687CB590D}"
EndProject
Global
	GlobalSection(SolutionConfigurationPlatforms) = preSolution
		Debug|Any CPU = Debug|Any CPU
		Release|Any CPU = Release|Any CPU
	EndGlobalSection
	GlobalSection(ProjectConfigurationPlatforms) = postSolution
		{2CEB5B41-7575-4571-B315-E9A687CB590D}.Debug|Any CPU.ActiveCfg = Debug|Any CPU
		{2CEB5B41-7575-4571-B315-E9A687CB590D}.Debug|Any CPU.Build.0 = Debug|Any CPU
		{2CEB5B41-7575-4571-B315-E9A687CB590D}.Release|Any CPU.ActiveCfg = Release|Any CPU
		{2CEB5B41-7575-4571-B315-E9A687CB590D}.Release|Any CPU.Build.0 = Release|Any CPU
	EndGlobalSection
	GlobalSection(SolutionProperties) = preSolution
		HideSolutionNode = FALSE
	EndGlobalSection
	GlobalSection(ExtensibilityGlobals) = postSolution
		SolutionGuid = {6250CBFC-A19E-49B2-A2A7-0B04F733AD98}
	EndGlobalSection
EndGlobal
