
Microsoft Visual Studio Solution File, Format Version 12.00
# Visual Studio Version 17
VisualStudioVersion = 17.14.37628.2 d17.14
MinimumVisualStudioVersion = 10.0.40219.1
Project("{FAE04EC0-301F-11D3-BF4B-00C04F79EFBC}") = "B1", "B1.csproj", "{CE2F5202-DD53-42DB-B23E-6609210AFC51}"
EndProject
Global
	GlobalSection(SolutionConfigurationPlatforms) = preSolution
		Debug|Any CPU = Debug|Any CPU
		Release|Any CPU = Release|Any CPU
	EndGlobalSection
	GlobalSection(ProjectConfigurationPlatforms) = postSolution
		{CE2F5202-DD53-42DB-B23E-6609210AFC51}.Debug|Any CPU.ActiveCfg = Debug|Any CPU
		{CE2F5202-DD53-42DB-B23E-6609210AFC51}.Debug|Any CPU.Build.0 = Debug|Any CPU
		{CE2F5202-DD53-42DB-B23E-6609210AFC51}.Release|Any CPU.ActiveCfg = Release|Any CPU
		{CE2F5202-DD53-42DB-B23E-6609210AFC51}.Release|Any CPU.Build.0 = Release|Any CPU
	EndGlobalSection
	GlobalSection(SolutionProperties) = preSolution
		HideSolutionNode = FALSE
	EndGlobalSection
	GlobalSection(ExtensibilityGlobals) = postSolution
		SolutionGuid = {AD0DBA97-CF42-4477-8260-105165472F1B}
	EndGlobalSection
EndGlobal
